// !$*UTF8*$!
{
	archiveVersion = 1;
	classes = {
	};
	objectVersion = 50;
	objects = {

/* Begin PBXBuildFile section */
		9E266B3290F1EFFE2B853E02 /* Pods_DataStructHw4.framework in Frameworks */ = {isa = PBXBuildFile; fileRef = 6AD6BCF67AA3EC76D33428FF /* Pods_DataStructHw4.framework */; };
		FA01F66A219C0B04009297E7 /* AppDelegate.swift in Sources */ = {isa = PBXBuildFile; fileRef = FA01F669219C0B04009297E7 /* AppDelegate.swift */; };
		FA01F66F219C0B04009297E7 /* Main.storyboard in Resources */ = {isa = PBXBuildFile; fileRef = FA01F66D219C0B04009297E7 /* Main.storyboard */; };
		FA01F671219C0B05009297E7 /* 66_daily_forecast.png in Resources */ = {isa = PBXBuildFile; fileRef = FA01F670219C0B05009297E7 /* 66_daily_forecast.png */; };
		FA01F674219C0B05009297E7 /* LaunchScreen.storyboard in Resources */ = {isa = PBXBuildFile; fileRef = FA01F672219C0B05009297E7 /* LaunchScreen.storyboard */; };
		FA01F67C219C0B48009297E7 /* OptionsScreen.swift in Sources */ = {isa = PBXBuildFile; fileRef = FA01F67B219C0B48009297E7 /* OptionsScreen.swift */; };
		FA01F680219C5414009297E7 /* urlHelper.swift in Sources */ = {isa = PBXBuildFile; fileRef = FA01F67F219C5414009297E7 /* urlHelper.swift */; };
		FA01F68821A29749009297E7 /* Coordinate.swift in Sources */ = {isa = PBXBuildFile; fileRef = FA01F68721A29749009297E7 /* Coordinate.swift */; };
		FA01F68E21A2E673009297E7 /* scrat.PNG in Resources */ = {isa = PBXBuildFile; fileRef = FA01F68D21A2E673009297E7 /* scrat.PNG */; };
		FA01F69021A2E744009297E7 /* frozen.png in Resources */ = {isa = PBXBuildFile; fileRef = FA01F68F21A2E743009297E7 /* frozen.png */; };
		FA01F69221A2E854009297E7 /* pig.png in Resources */ = {isa = PBXBuildFile; fileRef = FA01F69121A2E854009297E7 /* pig.png */; };
		FA01F69421A2EF50009297E7 /* Map.swift in Sources */ = {isa = PBXBuildFile; fileRef = FA01F69321A2EF50009297E7 /* Map.swift */; };
		FA1A3D7521ABDCDC00D356A0 /* NewsViewController.swift in Sources */ = {isa = PBXBuildFile; fileRef = FA1A3D7421ABDCDC00D356A0 /* NewsViewController.swift */; };
		FA29E77021A56D6700BFA8AE /* snoop.gif in Resources */ = {isa = PBXBuildFile; fileRef = FA29E76F21A56D6700BFA8AE /* snoop.gif */; };
		FA39B17F21B575A90041EC2E /* NewsTableViewCell.swift in Sources */ = {isa = PBXBuildFile; fileRef = FA39B17E21B575A90041EC2E /* NewsTableViewCell.swift */; };
		FA39B18221B576A50041EC2E /* News.swift in Sources */ = {isa = PBXBuildFile; fileRef = FA39B18121B576A50041EC2E /* News.swift */; };
		FA39B18421B7C4030041EC2E /* ReportViewController.swift in Sources */ = {isa = PBXBuildFile; fileRef = FA39B18321B7C4030041EC2E /* ReportViewController.swift */; };
		FA39B18621B7CD8D0041EC2E /* ExpandingTextView.swift in Sources */ = {isa = PBXBuildFile; fileRef = FA39B18521B7CD8D0041EC2E /* ExpandingTextView.swift */; };
		FA39B18821BE4BCE0041EC2E /* ExpandedNews.swift in Sources */ = {isa = PBXBuildFile; fileRef = FA39B18721BE4BCE0041EC2E /* ExpandedNews.swift */; };
		FA39B18A21C128EE0041EC2E /* Weather.swift in Sources */ = {isa = PBXBuildFile; fileRef = FA39B18921C128EE0041EC2E /* Weather.swift */; };
		FA39B1BC21C138AE0041EC2E /* roboto-thin.ttf in Resources */ = {isa = PBXBuildFile; fileRef = FA39B1AC21C138AD0041EC2E /* roboto-thin.ttf */; };
		FA39B1BD21C138AE0041EC2E /* roboto-thinitalic.ttf in Resources */ = {isa = PBXBuildFile; fileRef = FA39B1AD21C138AD0041EC2E /* roboto-thinitalic.ttf */; };
		FA39B1BE21C138AE0041EC2E /* roboto-mediumitalic.ttf in Resources */ = {isa = PBXBuildFile; fileRef = FA39B1AE21C138AD0041EC2E /* roboto-mediumitalic.ttf */; };
		FA39B1BF21C138AE0041EC2E /* roboto-regular.ttf in Resources */ = {isa = PBXBuildFile; fileRef = FA39B1AF21C138AD0041EC2E /* roboto-regular.ttf */; };
		FA39B1C021C138AE0041EC2E /* roboto-bold.ttf in Resources */ = {isa = PBXBuildFile; fileRef = FA39B1B021C138AD0041EC2E /* roboto-bold.ttf */; };
		FA39B1C121C138AE0041EC2E /* roboto-bolditalic.ttf in Resources */ = {isa = PBXBuildFile; fileRef = FA39B1B121C138AD0041EC2E /* roboto-bolditalic.ttf */; };
		FA39B1C221C138AE0041EC2E /* roboto-italic.ttf in Resources */ = {isa = PBXBuildFile; fileRef = FA39B1B221C138AD0041EC2E /* roboto-italic.ttf */; };
		FA39B1C321C138AE0041EC2E /* roboto-black.ttf in Resources */ = {isa = PBXBuildFile; fileRef = FA39B1B321C138AD0041EC2E /* roboto-black.ttf */; };
		FA39B1C421C138AE0041EC2E /* roboto-condensed.ttf in Resources */ = {isa = PBXBuildFile; fileRef = FA39B1B421C138AD0041EC2E /* roboto-condensed.ttf */; };
		FA39B1C521C138AE0041EC2E /* roboto-boldcondensed.ttf in Resources */ = {isa = PBXBuildFile; fileRef = FA39B1B521C138AD0041EC2E /* roboto-boldcondensed.ttf */; };
		FA39B1C621C138AE0041EC2E /* roboto-medium.ttf in Resources */ = {isa = PBXBuildFile; fileRef = FA39B1B621C138AD0041EC2E /* roboto-medium.ttf */; };
		FA39B1C721C138AE0041EC2E /* roboto-light.ttf in Resources */ = {isa = PBXBuildFile; fileRef = FA39B1B721C138AD0041EC2E /* roboto-light.ttf */; };
		FA39B1C821C138AE0041EC2E /* roboto-condenseditalic.ttf in Resources */ = {isa = PBXBuildFile; fileRef = FA39B1B821C138AD0041EC2E /* roboto-condenseditalic.ttf */; };
		FA39B1C921C138AE0041EC2E /* roboto-blackitalic.ttf in Resources */ = {isa = PBXBuildFile; fileRef = FA39B1B921C138AE0041EC2E /* roboto-blackitalic.ttf */; };
		FA39B1CA21C138AE0041EC2E /* roboto-lightitalic.ttf in Resources */ = {isa = PBXBuildFile; fileRef = FA39B1BA21C138AE0041EC2E /* roboto-lightitalic.ttf */; };
		FA39B1CB21C138AE0041EC2E /* roboto-boldcondenseditalic.ttf in Resources */ = {isa = PBXBuildFile; fileRef = FA39B1BB21C138AE0041EC2E /* roboto-boldcondenseditalic.ttf */; };
		FA39B1CD21C139E00041EC2E /* background.png in Resources */ = {isa = PBXBuildFile; fileRef = FA39B1CC21C139E00041EC2E /* background.png */; };
		FA39B1CF21C13DAA0041EC2E /* drop.png in Resources */ = {isa = PBXBuildFile; fileRef = FA39B1CE21C13DAA0041EC2E /* drop.png */; };
		FA39B1D121C146C00041EC2E /* Drop_Icon-01.png in Resources */ = {isa = PBXBuildFile; fileRef = FA39B1D021C146BF0041EC2E /* Drop_Icon-01.png */; };
		FA7C452E21C7979B001C268B /* clipart335887.png in Resources */ = {isa = PBXBuildFile; fileRef = FA7C452D21C7979B001C268B /* clipart335887.png */; };
		FA7C455021C7DBB3001C268B /* LrotatedBG.png in Resources */ = {isa = PBXBuildFile; fileRef = FA7C454F21C7DBB3001C268B /* LrotatedBG.png */; };
		FAABBA9F21AC209500F7276F /* CountryCodes.swift in Sources */ = {isa = PBXBuildFile; fileRef = FAABBA9E21AC209500F7276F /* CountryCodes.swift */; };
		FAABBAA321AC26D200F7276F /* country_codes.json in Resources */ = {isa = PBXBuildFile; fileRef = FAABBAA221AC26D200F7276F /* country_codes.json */; };
		FAABBAD621B50A8000F7276F /* banner.png in Resources */ = {isa = PBXBuildFile; fileRef = FAABBAD521B50A7F00F7276F /* banner.png */; };
		FAABBADF21B52F7300F7276F /* PureLayout.framework in Frameworks */ = {isa = PBXBuildFile; fileRef = FAABBAAB21AE86A300F7276F /* PureLayout.framework */; };
		FAABBAE021B52F7500F7276F /* Kingfisher.framework in Frameworks */ = {isa = PBXBuildFile; fileRef = FA29E76D21A5663500BFA8AE /* Kingfisher.framework */; };
		FAABBAE121B52F7800F7276F /* SwiftyJSON.framework in Frameworks */ = {isa = PBXBuildFile; fileRef = FA01F685219C6C7A009297E7 /* SwiftyJSON.framework */; };
		FAABBAE221B52F7900F7276F /* Alamofire.framework in Frameworks */ = {isa = PBXBuildFile; fileRef = FA01F681219C5A47009297E7 /* Alamofire.framework */; };
		FADB652F21C157B9004D2782 /* WeatherDisplayView.swift in Sources */ = {isa = PBXBuildFile; fileRef = FADB652E21C157B9004D2782 /* WeatherDisplayView.swift */; };
/* End PBXBuildFile section */

/* Begin PBXFileReference section */
		08952860E2EBEDA736D50755 /* Pods-DataStructHw4.release.xcconfig */ = {isa = PBXFileReference; includeInIndex = 1; lastKnownFileType = text.xcconfig; name = "Pods-DataStructHw4.release.xcconfig"; path = "Pods/Target Support Files/Pods-DataStructHw4/Pods-DataStructHw4.release.xcconfig"; sourceTree = "<group>"; };
		6AD6BCF67AA3EC76D33428FF /* Pods_DataStructHw4.framework */ = {isa = PBXFileReference; explicitFileType = wrapper.framework; includeInIndex = 0; path = Pods_DataStructHw4.framework; sourceTree = BUILT_PRODUCTS_DIR; };
		F05C415D6159429F0E6FA4E2 /* Pods-DataStructHw4.debug.xcconfig */ = {isa = PBXFileReference; includeInIndex = 1; lastKnownFileType = text.xcconfig; name = "Pods-DataStructHw4.debug.xcconfig"; path = "Pods/Target Support Files/Pods-DataStructHw4/Pods-DataStructHw4.debug.xcconfig"; sourceTree = "<group>"; };
		FA01F666219C0B04009297E7 /* DataStructHw4.app */ = {isa = PBXFileReference; explicitFileType = wrapper.application; includeInIndex = 0; path = DataStructHw4.app; sourceTree = BUILT_PRODUCTS_DIR; };
		FA01F669219C0B04009297E7 /* AppDelegate.swift */ = {isa = PBXFileReference; lastKnownFileType = sourcecode.swift; path = AppDelegate.swift; sourceTree = "<group>"; };
		FA01F66E219C0B04009297E7 /* Base */ = {isa = PBXFileReference; lastKnownFileType = file.storyboard; name = Base; path = Base.lproj/Main.storyboard; sourceTree = "<group>"; };
		FA01F670219C0B05009297E7 /* 66_daily_forecast.png */ = {isa = PBXFileReference; lastKnownFileType = image.png; path = 66_daily_forecast.png; sourceTree = "<group>"; };
		FA01F673219C0B05009297E7 /* Base */ = {isa = PBXFileReference; lastKnownFileType = file.storyboard; name = Base; path = Base.lproj/LaunchScreen.storyboard; sourceTree = "<group>"; };
		FA01F675219C0B05009297E7 /* Info.plist */ = {isa = PBXFileReference; lastKnownFileType = text.plist.xml; path = Info.plist; sourceTree = "<group>"; };
		FA01F67B219C0B48009297E7 /* OptionsScreen.swift */ = {isa = PBXFileReference; lastKnownFileType = sourcecode.swift; path = OptionsScreen.swift; sourceTree = "<group>"; };
		FA01F67F219C5414009297E7 /* urlHelper.swift */ = {isa = PBXFileReference; lastKnownFileType = sourcecode.swift; path = urlHelper.swift; sourceTree = "<group>"; };
		FA01F681219C5A47009297E7 /* Alamofire.framework */ = {isa = PBXFileReference; explicitFileType = wrapper.framework; path = Alamofire.framework; sourceTree = BUILT_PRODUCTS_DIR; };
		FA01F685219C6C7A009297E7 /* SwiftyJSON.framework */ = {isa = PBXFileReference; explicitFileType = wrapper.framework; path = SwiftyJSON.framework; sourceTree = BUILT_PRODUCTS_DIR; };
		FA01F68721A29749009297E7 /* Coordinate.swift */ = {isa = PBXFileReference; lastKnownFileType = sourcecode.swift; path = Coordinate.swift; sourceTree = "<group>"; };
		FA01F68D21A2E673009297E7 /* scrat.PNG */ = {isa = PBXFileReference; lastKnownFileType = image.png; path = scrat.PNG; sourceTree = "<group>"; };
		FA01F68F21A2E743009297E7 /* frozen.png */ = {isa = PBXFileReference; lastKnownFileType = image.png; path = frozen.png; sourceTree = "<group>"; };
		FA01F69121A2E854009297E7 /* pig.png */ = {isa = PBXFileReference; lastKnownFileType = image.png; path = pig.png; sourceTree = "<group>"; };
		FA01F69321A2EF50009297E7 /* Map.swift */ = {isa = PBXFileReference; lastKnownFileType = sourcecode.swift; path = Map.swift; sourceTree = "<group>"; };
		FA1A3D7421ABDCDC00D356A0 /* NewsViewController.swift */ = {isa = PBXFileReference; lastKnownFileType = sourcecode.swift; path = NewsViewController.swift; sourceTree = "<group>"; };
		FA29E76D21A5663500BFA8AE /* Kingfisher.framework */ = {isa = PBXFileReference; explicitFileType = wrapper.framework; path = Kingfisher.framework; sourceTree = BUILT_PRODUCTS_DIR; };
		FA29E76F21A56D6700BFA8AE /* snoop.gif */ = {isa = PBXFileReference; lastKnownFileType = image.gif; path = snoop.gif; sourceTree = "<group>"; };
		FA39B17E21B575A90041EC2E /* NewsTableViewCell.swift */ = {isa = PBXFileReference; lastKnownFileType = sourcecode.swift; path = NewsTableViewCell.swift; sourceTree = "<group>"; };
		FA39B18121B576A50041EC2E /* News.swift */ = {isa = PBXFileReference; lastKnownFileType = sourcecode.swift; path = News.swift; sourceTree = "<group>"; };
		FA39B18321B7C4030041EC2E /* ReportViewController.swift */ = {isa = PBXFileReference; lastKnownFileType = sourcecode.swift; path = ReportViewController.swift; sourceTree = "<group>"; };
		FA39B18521B7CD8D0041EC2E /* ExpandingTextView.swift */ = {isa = PBXFileReference; lastKnownFileType = sourcecode.swift; path = ExpandingTextView.swift; sourceTree = "<group>"; };
		FA39B18721BE4BCE0041EC2E /* ExpandedNews.swift */ = {isa = PBXFileReference; lastKnownFileType = sourcecode.swift; path = ExpandedNews.swift; sourceTree = "<group>"; };
		FA39B18921C128EE0041EC2E /* Weather.swift */ = {isa = PBXFileReference; lastKnownFileType = sourcecode.swift; path = Weather.swift; sourceTree = "<group>"; };
		FA39B1AC21C138AD0041EC2E /* roboto-thin.ttf */ = {isa = PBXFileReference; lastKnownFileType = file; name = "roboto-thin.ttf"; path = "DataStructHw4/Fonts/roboto-thin.ttf"; sourceTree = SOURCE_ROOT; };
		FA39B1AD21C138AD0041EC2E /* roboto-thinitalic.ttf */ = {isa = PBXFileReference; lastKnownFileType = file; name = "roboto-thinitalic.ttf"; path = "DataStructHw4/Fonts/roboto-thinitalic.ttf"; sourceTree = SOURCE_ROOT; };
		FA39B1AE21C138AD0041EC2E /* roboto-mediumitalic.ttf */ = {isa = PBXFileReference; lastKnownFileType = file; name = "roboto-mediumitalic.ttf"; path = "DataStructHw4/Fonts/roboto-mediumitalic.ttf"; sourceTree = SOURCE_ROOT; };
		FA39B1AF21C138AD0041EC2E /* roboto-regular.ttf */ = {isa = PBXFileReference; lastKnownFileType = file; name = "roboto-regular.ttf"; path = "DataStructHw4/Fonts/roboto-regular.ttf"; sourceTree = SOURCE_ROOT; };
		FA39B1B021C138AD0041EC2E /* roboto-bold.ttf */ = {isa = PBXFileReference; lastKnownFileType = file; name = "roboto-bold.ttf"; path = "DataStructHw4/Fonts/roboto-bold.ttf"; sourceTree = SOURCE_ROOT; };
		FA39B1B121C138AD0041EC2E /* roboto-bolditalic.ttf */ = {isa = PBXFileReference; lastKnownFileType = file; name = "roboto-bolditalic.ttf"; path = "DataStructHw4/Fonts/roboto-bolditalic.ttf"; sourceTree = SOURCE_ROOT; };
		FA39B1B221C138AD0041EC2E /* roboto-italic.ttf */ = {isa = PBXFileReference; lastKnownFileType = file; name = "roboto-italic.ttf"; path = "DataStructHw4/Fonts/roboto-italic.ttf"; sourceTree = SOURCE_ROOT; };
		FA39B1B321C138AD0041EC2E /* roboto-black.ttf */ = {isa = PBXFileReference; lastKnownFileType = file; name = "roboto-black.ttf"; path = "DataStructHw4/Fonts/roboto-black.ttf"; sourceTree = SOURCE_ROOT; };
		FA39B1B421C138AD0041EC2E /* roboto-condensed.ttf */ = {isa = PBXFileReference; lastKnownFileType = file; name = "roboto-condensed.ttf"; path = "DataStructHw4/Fonts/roboto-condensed.ttf"; sourceTree = SOURCE_ROOT; };
		FA39B1B521C138AD0041EC2E /* roboto-boldcondensed.ttf */ = {isa = PBXFileReference; lastKnownFileType = file; name = "roboto-boldcondensed.ttf"; path = "DataStructHw4/Fonts/roboto-boldcondensed.ttf"; sourceTree = SOURCE_ROOT; };
		FA39B1B621C138AD0041EC2E /* roboto-medium.ttf */ = {isa = PBXFileReference; lastKnownFileType = file; name = "roboto-medium.ttf"; path = "DataStructHw4/Fonts/roboto-medium.ttf"; sourceTree = SOURCE_ROOT; };
		FA39B1B721C138AD0041EC2E /* roboto-light.ttf */ = {isa = PBXFileReference; lastKnownFileType = file; name = "roboto-light.ttf"; path = "DataStructHw4/Fonts/roboto-light.ttf"; sourceTree = SOURCE_ROOT; };
		FA39B1B821C138AD0041EC2E /* roboto-condenseditalic.ttf */ = {isa = PBXFileReference; lastKnownFileType = file; name = "roboto-condenseditalic.ttf"; path = "DataStructHw4/Fonts/roboto-condenseditalic.ttf"; sourceTree = SOURCE_ROOT; };
		FA39B1B921C138AE0041EC2E /* roboto-blackitalic.ttf */ = {isa = PBXFileReference; lastKnownFileType = file; name = "roboto-blackitalic.ttf"; path = "DataStructHw4/Fonts/roboto-blackitalic.ttf"; sourceTree = SOURCE_ROOT; };
		FA39B1BA21C138AE0041EC2E /* roboto-lightitalic.ttf */ = {isa = PBXFileReference; lastKnownFileType = file; name = "roboto-lightitalic.ttf"; path = "DataStructHw4/Fonts/roboto-lightitalic.ttf"; sourceTree = SOURCE_ROOT; };
		FA39B1BB21C138AE0041EC2E /* roboto-boldcondenseditalic.ttf */ = {isa = PBXFileReference; lastKnownFileType = file; name = "roboto-boldcondenseditalic.ttf"; path = "DataStructHw4/Fonts/roboto-boldcondenseditalic.ttf"; sourceTree = SOURCE_ROOT; };
		FA39B1CC21C139E00041EC2E /* background.png */ = {isa = PBXFileReference; lastKnownFileType = image.png; name = background.png; path = DataStructHw4/background.png; sourceTree = SOURCE_ROOT; };
		FA39B1CE21C13DAA0041EC2E /* drop.png */ = {isa = PBXFileReference; lastKnownFileType = image.png; name = drop.png; path = DataStructHw4/Assets.xcassets/drop.png; sourceTree = SOURCE_ROOT; };
		FA39B1D021C146BF0041EC2E /* Drop_Icon-01.png */ = {isa = PBXFileReference; lastKnownFileType = image.png; name = "Drop_Icon-01.png"; path = "DataStructHw4/Assets.xcassets/Drop_Icon-01.png"; sourceTree = SOURCE_ROOT; };
		FA7C452D21C7979B001C268B /* clipart335887.png */ = {isa = PBXFileReference; lastKnownFileType = image.png; name = clipart335887.png; path = DataStructHw4/Assets.xcassets/clipart335887.png; sourceTree = SOURCE_ROOT; };
		FA7C454F21C7DBB3001C268B /* LrotatedBG.png */ = {isa = PBXFileReference; lastKnownFileType = image.png; path = LrotatedBG.png; sourceTree = "<group>"; };
		FAABBA9E21AC209500F7276F /* CountryCodes.swift */ = {isa = PBXFileReference; lastKnownFileType = sourcecode.swift; path = CountryCodes.swift; sourceTree = "<group>"; };
		FAABBAA221AC26D200F7276F /* country_codes.json */ = {isa = PBXFileReference; fileEncoding = 4; lastKnownFileType = text.json; path = country_codes.json; sourceTree = "<group>"; };
		FAABBAAB21AE86A300F7276F /* PureLayout.framework */ = {isa = PBXFileReference; explicitFileType = wrapper.framework; path = PureLayout.framework; sourceTree = BUILT_PRODUCTS_DIR; };
		FAABBAD521B50A7F00F7276F /* banner.png */ = {isa = PBXFileReference; lastKnownFileType = image.png; name = banner.png; path = ../../../TableViewProject/TableViewProject/Assets.xcassets/banner.png; sourceTree = "<group>"; };
		FADB652E21C157B9004D2782 /* WeatherDisplayView.swift */ = {isa = PBXFileReference; lastKnownFileType = sourcecode.swift; path = WeatherDisplayView.swift; sourceTree = "<group>"; };
/* End PBXFileReference section */

/* Begin PBXFrameworksBuildPhase section */
		FA01F663219C0B04009297E7 /* Frameworks */ = {
			isa = PBXFrameworksBuildPhase;
			buildActionMask = 2147483647;
			files = (
				FAABBADF21B52F7300F7276F /* PureLayout.framework in Frameworks */,
				FAABBAE021B52F7500F7276F /* Kingfisher.framework in Frameworks */,
				FAABBAE121B52F7800F7276F /* SwiftyJSON.framework in Frameworks */,
				FAABBAE221B52F7900F7276F /* Alamofire.framework in Frameworks */,
				9E266B3290F1EFFE2B853E02 /* Pods_DataStructHw4.framework in Frameworks */,
			);
			runOnlyForDeploymentPostprocessing = 0;
		};
/* End PBXFrameworksBuildPhase section */

/* Begin PBXGroup section */
		7BCECEFBFCC86BE2E84450D0 /* Frameworks */ = {
			isa = PBXGroup;
			children = (
				FAABBAAB21AE86A300F7276F /* PureLayout.framework */,
				FA29E76D21A5663500BFA8AE /* Kingfisher.framework */,
				FA01F685219C6C7A009297E7 /* SwiftyJSON.framework */,
				FA01F681219C5A47009297E7 /* Alamofire.framework */,
				6AD6BCF67AA3EC76D33428FF /* Pods_DataStructHw4.framework */,
			);
			name = Frameworks;
			sourceTree = "<group>";
		};
		E01373564B3DD9B0EA0B9051 /* Pods */ = {
			isa = PBXGroup;
			children = (
				F05C415D6159429F0E6FA4E2 /* Pods-DataStructHw4.debug.xcconfig */,
				08952860E2EBEDA736D50755 /* Pods-DataStructHw4.release.xcconfig */,
			);
			name = Pods;
			sourceTree = "<group>";
		};
		FA01F65D219C0B04009297E7 = {
			isa = PBXGroup;
			children = (
				FA01F668219C0B04009297E7 /* DataStructHw4 */,
				FA01F667219C0B04009297E7 /* Products */,
				E01373564B3DD9B0EA0B9051 /* Pods */,
				7BCECEFBFCC86BE2E84450D0 /* Frameworks */,
			);
			sourceTree = "<group>";
		};
		FA01F667219C0B04009297E7 /* Products */ = {
			isa = PBXGroup;
			children = (
				FA01F666219C0B04009297E7 /* DataStructHw4.app */,
			);
			name = Products;
			sourceTree = "<group>";
		};
		FA01F668219C0B04009297E7 /* DataStructHw4 */ = {
			isa = PBXGroup;
			children = (
				FA7C454F21C7DBB3001C268B /* LrotatedBG.png */,
				FA39B1CC21C139E00041EC2E /* background.png */,
				FA39B1AB21C137FF0041EC2E /* Fonts */,
				FA39B18021B576930041EC2E /* Models */,
				FAABBAAA21AE846E00F7276F /* Assets */,
				FAABBAA921AE844D00F7276F /* Singelton */,
				FAABBAA821AE843300F7276F /* Misc */,
				FAABBAA721AE83EB00F7276F /* Views */,
				FAABBAA621AE83BE00F7276F /* Controllers */,
				FA01F66D219C0B04009297E7 /* Main.storyboard */,
				FA01F672219C0B05009297E7 /* LaunchScreen.storyboard */,
				FA01F675219C0B05009297E7 /* Info.plist */,
			);
			path = DataStructHw4;
			sourceTree = "<group>";
		};
		FA39B18021B576930041EC2E /* Models */ = {
			isa = PBXGroup;
			children = (
				FA39B18121B576A50041EC2E /* News.swift */,
				FA39B18721BE4BCE0041EC2E /* ExpandedNews.swift */,
				FA39B18921C128EE0041EC2E /* Weather.swift */,
			);
			path = Models;
			sourceTree = "<group>";
		};
		FA39B1AB21C137FF0041EC2E /* Fonts */ = {
			isa = PBXGroup;
			children = (
				FA39B1B321C138AD0041EC2E /* roboto-black.ttf */,
				FA39B1B921C138AE0041EC2E /* roboto-blackitalic.ttf */,
				FA39B1B021C138AD0041EC2E /* roboto-bold.ttf */,
				FA39B1B521C138AD0041EC2E /* roboto-boldcondensed.ttf */,
				FA39B1BB21C138AE0041EC2E /* roboto-boldcondenseditalic.ttf */,
				FA39B1B121C138AD0041EC2E /* roboto-bolditalic.ttf */,
				FA39B1B421C138AD0041EC2E /* roboto-condensed.ttf */,
				FA39B1B821C138AD0041EC2E /* roboto-condenseditalic.ttf */,
				FA39B1B221C138AD0041EC2E /* roboto-italic.ttf */,
				FA39B1B721C138AD0041EC2E /* roboto-light.ttf */,
				FA39B1BA21C138AE0041EC2E /* roboto-lightitalic.ttf */,
				FA39B1B621C138AD0041EC2E /* roboto-medium.ttf */,
				FA39B1AE21C138AD0041EC2E /* roboto-mediumitalic.ttf */,
				FA39B1AF21C138AD0041EC2E /* roboto-regular.ttf */,
				FA39B1AC21C138AD0041EC2E /* roboto-thin.ttf */,
				FA39B1AD21C138AD0041EC2E /* roboto-thinitalic.ttf */,
			);
			name = Fonts;
			path = "New Group";
			sourceTree = "<group>";
		};
		FAABBAA621AE83BE00F7276F /* Controllers */ = {
			isa = PBXGroup;
			children = (
				FA1A3D7421ABDCDC00D356A0 /* NewsViewController.swift */,
				FA01F67B219C0B48009297E7 /* OptionsScreen.swift */,
				FA01F69321A2EF50009297E7 /* Map.swift */,
				FA39B18321B7C4030041EC2E /* ReportViewController.swift */,
			);
			path = Controllers;
			sourceTree = "<group>";
		};
		FAABBAA721AE83EB00F7276F /* Views */ = {
			isa = PBXGroup;
			children = (
				FA39B17E21B575A90041EC2E /* NewsTableViewCell.swift */,
				FA39B18521B7CD8D0041EC2E /* ExpandingTextView.swift */,
				FADB652E21C157B9004D2782 /* WeatherDisplayView.swift */,
			);
			path = Views;
			sourceTree = "<group>";
		};
		FAABBAA821AE843300F7276F /* Misc */ = {
			isa = PBXGroup;
			children = (
				FAABBA9E21AC209500F7276F /* CountryCodes.swift */,
				FA01F68721A29749009297E7 /* Coordinate.swift */,
				FA01F67F219C5414009297E7 /* urlHelper.swift */,
			);
			path = Misc;
			sourceTree = "<group>";
		};
		FAABBAA921AE844D00F7276F /* Singelton */ = {
			isa = PBXGroup;
			children = (
				FA01F669219C0B04009297E7 /* AppDelegate.swift */,
			);
			path = Singelton;
			sourceTree = "<group>";
		};
		FAABBAAA21AE846E00F7276F /* Assets */ = {
			isa = PBXGroup;
			children = (
				FA7C452D21C7979B001C268B /* clipart335887.png */,
				FA39B1D021C146BF0041EC2E /* Drop_Icon-01.png */,
				FA39B1CE21C13DAA0041EC2E /* drop.png */,
				FA29E76F21A56D6700BFA8AE /* snoop.gif */,
				FA01F68D21A2E673009297E7 /* scrat.PNG */,
				FA01F68F21A2E743009297E7 /* frozen.png */,
				FA01F670219C0B05009297E7 /* 66_daily_forecast.png */,
				FA01F69121A2E854009297E7 /* pig.png */,
				FAABBAA221AC26D200F7276F /* country_codes.json */,
				FAABBAD521B50A7F00F7276F /* banner.png */,
			);
			path = Assets;
			sourceTree = "<group>";
		};
/* End PBXGroup section */

/* Begin PBXNativeTarget section */
		FA01F665219C0B04009297E7 /* DataStructHw4 */ = {
			isa = PBXNativeTarget;
			buildConfigurationList = FA01F678219C0B05009297E7 /* Build configuration list for PBXNativeTarget "DataStructHw4" */;
			buildPhases = (
				C024A21FE393EE466C473BD5 /* [CP] Check Pods Manifest.lock */,
				FA01F662219C0B04009297E7 /* Sources */,
				FA01F663219C0B04009297E7 /* Frameworks */,
				FA01F664219C0B04009297E7 /* Resources */,
				535D106C57560CFCBBBC1EDE /* [CP] Embed Pods Frameworks */,
			);
			buildRules = (
			);
			dependencies = (
			);
			name = DataStructHw4;
			productName = DataStructHw4;
			productReference = FA01F666219C0B04009297E7 /* DataStructHw4.app */;
			productType = "com.apple.product-type.application";
		};
/* End PBXNativeTarget section */

/* Begin PBXProject section */
		FA01F65E219C0B04009297E7 /* Project object */ = {
			isa = PBXProject;
			attributes = {
				LastSwiftUpdateCheck = 1010;
				LastUpgradeCheck = 1010;
				ORGANIZATIONNAME = "Tomer Landesman";
				TargetAttributes = {
					FA01F665219C0B04009297E7 = {
						CreatedOnToolsVersion = 10.1;
					};
				};
			};
			buildConfigurationList = FA01F661219C0B04009297E7 /* Build configuration list for PBXProject "DataStructHw4" */;
			compatibilityVersion = "Xcode 9.3";
			developmentRegion = en;
			hasScannedForEncodings = 0;
			knownRegions = (
				en,
				Base,
			);
			mainGroup = FA01F65D219C0B04009297E7;
			productRefGroup = FA01F667219C0B04009297E7 /* Products */;
			projectDirPath = "";
			projectRoot = "";
			targets = (
				FA01F665219C0B04009297E7 /* DataStructHw4 */,
			);
		};
/* End PBXProject section */

/* Begin PBXResourcesBuildPhase section */
		FA01F664219C0B04009297E7 /* Resources */ = {
			isa = PBXResourcesBuildPhase;
			buildActionMask = 2147483647;
			files = (
				FA29E77021A56D6700BFA8AE /* snoop.gif in Resources */,
				FA01F69221A2E854009297E7 /* pig.png in Resources */,
				FA39B1CF21C13DAA0041EC2E /* drop.png in Resources */,
				FA39B1C721C138AE0041EC2E /* roboto-light.ttf in Resources */,
				FA39B1C321C138AE0041EC2E /* roboto-black.ttf in Resources */,
				FA01F674219C0B05009297E7 /* LaunchScreen.storyboard in Resources */,
				FAABBAD621B50A8000F7276F /* banner.png in Resources */,
				FA39B1C021C138AE0041EC2E /* roboto-bold.ttf in Resources */,
				FA39B1C221C138AE0041EC2E /* roboto-italic.ttf in Resources */,
				FA39B1BE21C138AE0041EC2E /* roboto-mediumitalic.ttf in Resources */,
				FA39B1C821C138AE0041EC2E /* roboto-condenseditalic.ttf in Resources */,
				FA39B1C621C138AE0041EC2E /* roboto-medium.ttf in Resources */,
				FAABBAA321AC26D200F7276F /* country_codes.json in Resources */,
				FA39B1C121C138AE0041EC2E /* roboto-bolditalic.ttf in Resources */,
				FA01F68E21A2E673009297E7 /* scrat.PNG in Resources */,
				FA39B1C521C138AE0041EC2E /* roboto-boldcondensed.ttf in Resources */,
				FA39B1CD21C139E00041EC2E /* background.png in Resources */,
				FA39B1BC21C138AE0041EC2E /* roboto-thin.ttf in Resources */,
				FA7C452E21C7979B001C268B /* clipart335887.png in Resources */,
				FA39B1D121C146C00041EC2E /* Drop_Icon-01.png in Resources */,
				FA01F671219C0B05009297E7 /* 66_daily_forecast.png in Resources */,
				FA01F66F219C0B04009297E7 /* Main.storyboard in Resources */,
				FA39B1CA21C138AE0041EC2E /* roboto-lightitalic.ttf in Resources */,
				FA39B1C921C138AE0041EC2E /* roboto-blackitalic.ttf in Resources */,
				FA01F69021A2E744009297E7 /* frozen.png in Resources */,
				FA39B1C421C138AE0041EC2E /* roboto-condensed.ttf in Resources */,
				FA39B1BD21C138AE0041EC2E /* roboto-thinitalic.ttf in Resources */,
				FA7C455021C7DBB3001C268B /* LrotatedBG.png in Resources */,
				FA39B1CB21C138AE0041EC2E /* roboto-boldcondenseditalic.ttf in Resources */,
				FA39B1BF21C138AE0041EC2E /* roboto-regular.ttf in Resources */,
			);
			runOnlyForDeploymentPostprocessing = 0;
		};
/* End PBXResourcesBuildPhase section */

/* Begin PBXShellScriptBuildPhase section */
		535D106C57560CFCBBBC1EDE /* [CP] Embed Pods Frameworks */ = {
			isa = PBXShellScriptBuildPhase;
			buildActionMask = 2147483647;
			files = (
			);
			inputFileListPaths = (
			);
			inputPaths = (
				"${SRCROOT}/Pods/Target Support Files/Pods-DataStructHw4/Pods-DataStructHw4-frameworks.sh",
				"${BUILT_PRODUCTS_DIR}/Alamofire/Alamofire.framework",
				"${BUILT_PRODUCTS_DIR}/Kingfisher/Kingfisher.framework",
				"${BUILT_PRODUCTS_DIR}/PureLayout/PureLayout.framework",
				"${BUILT_PRODUCTS_DIR}/SwiftyJSON/SwiftyJSON.framework",
			);
			name = "[CP] Embed Pods Frameworks";
			outputFileListPaths = (
			);
			outputPaths = (
				"${TARGET_BUILD_DIR}/${FRAMEWORKS_FOLDER_PATH}/Alamofire.framework",
				"${TARGET_BUILD_DIR}/${FRAMEWORKS_FOLDER_PATH}/Kingfisher.framework",
				"${TARGET_BUILD_DIR}/${FRAMEWORKS_FOLDER_PATH}/PureLayout.framework",
				"${TARGET_BUILD_DIR}/${FRAMEWORKS_FOLDER_PATH}/SwiftyJSON.framework",
			);
			runOnlyForDeploymentPostprocessing = 0;
			shellPath = /bin/sh;
			shellScript = "\"${SRCROOT}/Pods/Target Support Files/Pods-DataStructHw4/Pods-DataStructHw4-frameworks.sh\"\n";
			showEnvVarsInLog = 0;
		};
		C024A21FE393EE466C473BD5 /* [CP] Check Pods Manifest.lock */ = {
			isa = PBXShellScriptBuildPhase;
			buildActionMask = 2147483647;
			files = (
			);
			inputFileListPaths = (
			);
			inputPaths = (
				"${PODS_PODFILE_DIR_PATH}/Podfile.lock",
				"${PODS_ROOT}/Manifest.lock",
			);
			name = "[CP] Check Pods Manifest.lock";
			outputFileListPaths = (
			);
			outputPaths = (
				"$(DERIVED_FILE_DIR)/Pods-DataStructHw4-checkManifestLockResult.txt",
			);
			runOnlyForDeploymentPostprocessing = 0;
			shellPath = /bin/sh;
			shellScript = "diff \"${PODS_PODFILE_DIR_PATH}/Podfile.lock\" \"${PODS_ROOT}/Manifest.lock\" > /dev/null\nif [ $? != 0 ] ; then\n    # print error to STDERR\n    echo \"error: The sandbox is not in sync with the Podfile.lock. Run 'pod install' or update your CocoaPods installation.\" >&2\n    exit 1\nfi\n# This output is used by Xcode 'outputs' to avoid re-running this script phase.\necho \"SUCCESS\" > \"${SCRIPT_OUTPUT_FILE_0}\"\n";
			showEnvVarsInLog = 0;
		};
/* End PBXShellScriptBuildPhase section */

/* Begin PBXSourcesBuildPhase section */
		FA01F662219C0B04009297E7 /* Sources */ = {
			isa = PBXSourcesBuildPhase;
			buildActionMask = 2147483647;
			files = (
				FA39B18621B7CD8D0041EC2E /* ExpandingTextView.swift in Sources */,
				FA01F67C219C0B48009297E7 /* OptionsScreen.swift in Sources */,
				FA01F680219C5414009297E7 /* urlHelper.swift in Sources */,
				FA39B17F21B575A90041EC2E /* NewsTableViewCell.swift in Sources */,
				FA01F66A219C0B04009297E7 /* AppDelegate.swift in Sources */,
				FA39B18421B7C4030041EC2E /* ReportViewController.swift in Sources */,
				FA39B18A21C128EE0041EC2E /* Weather.swift in Sources */,
				FA39B18821BE4BCE0041EC2E /* ExpandedNews.swift in Sources */,
				FA01F68821A29749009297E7 /* Coordinate.swift in Sources */,
				FA1A3D7521ABDCDC00D356A0 /* NewsViewController.swift in Sources */,
				FA39B18221B576A50041EC2E /* News.swift in Sources */,
				FA01F69421A2EF50009297E7 /* Map.swift in Sources */,
				FADB652F21C157B9004D2782 /* WeatherDisplayView.swift in Sources */,
				FAABBA9F21AC209500F7276F /* CountryCodes.swift in Sources */,
			);
			runOnlyForDeploymentPostprocessing = 0;
		};
/* End PBXSourcesBuildPhase section */

/* Begin PBXVariantGroup section */
		FA01F66D219C0B04009297E7 /* Main.storyboard */ = {
			isa = PBXVariantGroup;
			children = (
				FA01F66E219C0B04009297E7 /* Base */,
			);
			name = Main.storyboard;
			sourceTree = "<group>";
		};
		FA01F672219C0B05009297E7 /* LaunchScreen.storyboard */ = {
			isa = PBXVariantGroup;
			children = (
				FA01F673219C0B05009297E7 /* Base */,
			);
			name = LaunchScreen.storyboard;
			sourceTree = "<group>";
		};
/* End PBXVariantGroup section */

/* Begin XCBuildConfiguration section */
		FA01F676219C0B05009297E7 /* Debug */ = {
			isa = XCBuildConfiguration;
			buildSettings = {
				ALWAYS_SEARCH_USER_PATHS = NO;
				CLANG_ANALYZER_NONNULL = YES;
				CLANG_ANALYZER_NUMBER_OBJECT_CONVERSION = YES_AGGRESSIVE;
				CLANG_CXX_LANGUAGE_STANDARD = "gnu++14";
				CLANG_CXX_LIBRARY = "libc++";
				CLANG_ENABLE_MODULES = YES;
				CLANG_ENABLE_OBJC_ARC = YES;
				CLANG_ENABLE_OBJC_WEAK = YES;
				CLANG_WARN_BLOCK_CAPTURE_AUTORELEASING = YES;
				CLANG_WARN_BOOL_CONVERSION = YES;
				CLANG_WARN_COMMA = YES;
				CLANG_WARN_CONSTANT_CONVERSION = YES;
				CLANG_WARN_DEPRECATED_OBJC_IMPLEMENTATIONS = YES;
				CLANG_WARN_DIRECT_OBJC_ISA_USAGE = YES_ERROR;
				CLANG_WARN_DOCUMENTATION_COMMENTS = YES;
				CLANG_WARN_EMPTY_BODY = YES;
				CLANG_WARN_ENUM_CONVERSION = YES;
				CLANG_WARN_INFINITE_RECURSION = YES;
				CLANG_WARN_INT_CONVERSION = YES;
				CLANG_WARN_NON_LITERAL_NULL_CONVERSION = YES;
				CLANG_WARN_OBJC_IMPLICIT_RETAIN_SELF = YES;
				CLANG_WARN_OBJC_LITERAL_CONVERSION = YES;
				CLANG_WARN_OBJC_ROOT_CLASS = YES_ERROR;
				CLANG_WARN_RANGE_LOOP_ANALYSIS = YES;
				CLANG_WARN_STRICT_PROTOTYPES = YES;
				CLANG_WARN_SUSPICIOUS_MOVE = YES;
				CLANG_WARN_UNGUARDED_AVAILABILITY = YES_AGGRESSIVE;
				CLANG_WARN_UNREACHABLE_CODE = YES;
				CLANG_WARN__DUPLICATE_METHOD_MATCH = YES;
				CODE_SIGN_IDENTITY = "iPhone Developer";
				COPY_PHASE_STRIP = NO;
				DEBUG_INFORMATION_FORMAT = dwarf;
				ENABLE_STRICT_OBJC_MSGSEND = YES;
				ENABLE_TESTABILITY = YES;
				GCC_C_LANGUAGE_STANDARD = gnu11;
				GCC_DYNAMIC_NO_PIC = NO;
				GCC_NO_COMMON_BLOCKS = YES;
				GCC_OPTIMIZATION_LEVEL = 0;
				GCC_PREPROCESSOR_DEFINITIONS = (
					"DEBUG=1",
					"$(inherited)",
				);
				GCC_WARN_64_TO_32_BIT_CONVERSION = YES;
				GCC_WARN_ABOUT_RETURN_TYPE = YES_ERROR;
				GCC_WARN_UNDECLARED_SELECTOR = YES;
				GCC_WARN_UNINITIALIZED_AUTOS = YES_AGGRESSIVE;
				GCC_WARN_UNUSED_FUNCTION = YES;
				GCC_WARN_UNUSED_VARIABLE = YES;
				IPHONEOS_DEPLOYMENT_TARGET = 12.1;
				MTL_ENABLE_DEBUG_INFO = INCLUDE_SOURCE;
				MTL_FAST_MATH = YES;
				ONLY_ACTIVE_ARCH = YES;
				SDKROOT = iphoneos;
				SWIFT_ACTIVE_COMPILATION_CONDITIONS = DEBUG;
				SWIFT_OPTIMIZATION_LEVEL = "-Onone";
			};
			name = Debug;
		};
		FA01F677219C0B05009297E7 /* Release */ = {
			isa = XCBuildConfiguration;
			buildSettings = {
				ALWAYS_SEARCH_USER_PATHS = NO;
				CLANG_ANALYZER_NONNULL = YES;
				CLANG_ANALYZER_NUMBER_OBJECT_CONVERSION = YES_AGGRESSIVE;
				CLANG_CXX_LANGUAGE_STANDARD = "gnu++14";
				CLANG_CXX_LIBRARY = "libc++";
				CLANG_ENABLE_MODULES = YES;
				CLANG_ENABLE_OBJC_ARC = YES;
				CLANG_ENABLE_OBJC_WEAK = YES;
				CLANG_WARN_BLOCK_CAPTURE_AUTORELEASING = YES;
				CLANG_WARN_BOOL_CONVERSION = YES;
				CLANG_WARN_COMMA = YES;
				CLANG_WARN_CONSTANT_CONVERSION = YES;
				CLANG_WARN_DEPRECATED_OBJC_IMPLEMENTATIONS = YES;
				CLANG_WARN_DIRECT_OBJC_ISA_USAGE = YES_ERROR;
				CLANG_WARN_DOCUMENTATION_COMMENTS = YES;
				CLANG_WARN_EMPTY_BODY = YES;
				CLANG_WARN_ENUM_CONVERSION = YES;
				CLANG_WARN_INFINITE_RECURSION = YES;
				CLANG_WARN_INT_CONVERSION = YES;
				CLANG_WARN_NON_LITERAL_NULL_CONVERSION = YES;
				CLANG_WARN_OBJC_IMPLICIT_RETAIN_SELF = YES;
				CLANG_WARN_OBJC_LITERAL_CONVERSION = YES;
				CLANG_WARN_OBJC_ROOT_CLASS = YES_ERROR;
				CLANG_WARN_RANGE_LOOP_ANALYSIS = YES;
				CLANG_WARN_STRICT_PROTOTYPES = YES;
				CLANG_WARN_SUSPICIOUS_MOVE = YES;
				CLANG_WARN_UNGUARDED_AVAILABILITY = YES_AGGRESSIVE;
				CLANG_WARN_UNREACHABLE_CODE = YES;
				CLANG_WARN__DUPLICATE_METHOD_MATCH = YES;
				CODE_SIGN_IDENTITY = "iPhone Developer";
				COPY_PHASE_STRIP = NO;
				DEBUG_INFORMATION_FORMAT = "dwarf-with-dsym";
				ENABLE_NS_ASSERTIONS = NO;
				ENABLE_STRICT_OBJC_MSGSEND = YES;
				GCC_C_LANGUAGE_STANDARD = gnu11;
				GCC_NO_COMMON_BLOCKS = YES;
				GCC_WARN_64_TO_32_BIT_CONVERSION = YES;
				GCC_WARN_ABOUT_RETURN_TYPE = YES_ERROR;
				GCC_WARN_UNDECLARED_SELECTOR = YES;
				GCC_WARN_UNINITIALIZED_AUTOS = YES_AGGRESSIVE;
				GCC_WARN_UNUSED_FUNCTION = YES;
				GCC_WARN_UNUSED_VARIABLE = YES;
				IPHONEOS_DEPLOYMENT_TARGET = 12.1;
				MTL_ENABLE_DEBUG_INFO = NO;
				MTL_FAST_MATH = YES;
				SDKROOT = iphoneos;
				SWIFT_COMPILATION_MODE = wholemodule;
				SWIFT_OPTIMIZATION_LEVEL = "-O";
				VALIDATE_PRODUCT = YES;
			};
			name = Release;
		};
		FA01F679219C0B05009297E7 /* Debug */ = {
			isa = XCBuildConfiguration;
			baseConfigurationReference = F05C415D6159429F0E6FA4E2 /* Pods-DataStructHw4.debug.xcconfig */;
			buildSettings = {
				ASSETCATALOG_COMPILER_APPICON_NAME = AppIcon;
				CODE_SIGN_STYLE = Automatic;
				DEVELOPMENT_TEAM = 58L9KJD7XY;
				INFOPLIST_FILE = DataStructHw4/Info.plist;
				IPHONEOS_DEPLOYMENT_TARGET = 10.2;
				LD_RUNPATH_SEARCH_PATHS = (
					"$(inherited)",
					"@executable_path/Frameworks",
				);
				PRODUCT_BUNDLE_IDENTIFIER = com.tomerlan.example.DataStructHw4;
				PRODUCT_NAME = "$(TARGET_NAME)";
				SWIFT_VERSION = 4.2;
				TARGETED_DEVICE_FAMILY = "1,2";
			};
			name = Debug;
		};
		FA01F67A219C0B05009297E7 /* Release */ = {
			isa = XCBuildConfiguration;
			baseConfigurationReference = 08952860E2EBEDA736D50755 /* Pods-DataStructHw4.release.xcconfig */;
			buildSettings = {
				ASSETCATALOG_COMPILER_APPICON_NAME = AppIcon;
				CODE_SIGN_STYLE = Automatic;
				DEVELOPMENT_TEAM = 58L9KJD7XY;
				INFOPLIST_FILE = DataStructHw4/Info.plist;
				IPHONEOS_DEPLOYMENT_TARGET = 10.2;
				LD_RUNPATH_SEARCH_PATHS = (
					"$(inherited)",
					"@executable_path/Frameworks",
				);
				PRODUCT_BUNDLE_IDENTIFIER = com.tomerlan.example.DataStructHw4;
				PRODUCT_NAME = "$(TARGET_NAME)";
				SWIFT_VERSION = 4.2;
				TARGETED_DEVICE_FAMILY = "1,2";
			};
			name = Release;
		};
/* End XCBuildConfiguration section */

/* Begin XCConfigurationList section */
		FA01F661219C0B04009297E7 /* Build configuration list for PBXProject "DataStructHw4" */ = {
			isa = XCConfigurationList;
			buildConfigurations = (
				FA01F676219C0B05009297E7 /* Debug */,
				FA01F677219C0B05009297E7 /* Release */,
			);
			defaultConfigurationIsVisible = 0;
			defaultConfigurationName = Release;
		};
		FA01F678219C0B05009297E7 /* Build configuration list for PBXNativeTarget "DataStructHw4" */ = {
			isa = XCConfigurationList;
			buildConfigurations = (
				FA01F679219C0B05009297E7 /* Debug */,
				FA01F67A219C0B05009297E7 /* Release */,
			);
			defaultConfigurationIsVisible = 0;
			defaultConfigurationName = Release;
		};
/* End XCConfigurationList section */
	};
	rootObject = FA01F65E219C0B04009297E7 /* Project object */;
}
